
Microsoft Visual Studio Solution File, Format Version 12.00
# Visual Studio Version 16
VisualStudioVersion = 16.0.31019.35
MinimumVisualStudioVersion = 10.0.40219.1
Project("{FAE04EC0-301F-11D3-BF4B-00C04F79EFBC}") = "AzureCDNAspNetCore", "AzureCDNAspNetCore.csproj", "{274C747F-F27D-489B-848E-FF9FCE29A0B1}"
EndProject
Global
	GlobalSection(SolutionConfigurationPlatforms) = preSolution
		Debug|Any CPU = Debug|Any CPU
		Release|Any CPU = Release|Any CPU
	EndGlobalSection
	GlobalSection(ProjectConfigurationPlatforms) = postSolution
		{274C747F-F27D-489B-848E-FF9FCE29A0B1}.Debug|Any CPU.ActiveCfg = Debug|Any CPU
		{274C747F-F27D-489B-848E-FF9FCE29A0B1}.Debug|Any CPU.Build.0 = Debug|Any CPU
		{274C747F-F27D-489B-848E-FF9FCE29A0B1}.Release|Any CPU.ActiveCfg = Release|Any CPU
		{274C747F-F27D-489B-848E-FF9FCE29A0B1}.Release|Any CPU.Build.0 = Release|Any CPU
	EndGlobalSection
	GlobalSection(SolutionProperties) = preSolution
		HideSolutionNode = FALSE
	EndGlobalSection
	GlobalSection(ExtensibilityGlobals) = postSolution
		SolutionGuid = {3BE441D4-AA2A-4CEB-8439-0105F6B57A0C}
	EndGlobalSection
EndGlobal
